
Microsoft Visual Studio Solution File, Format Version 12.00
# Visual Studio Version 16
VisualStudioVersion = 16.0.29503.13
MinimumVisualStudioVersion = 10.0.40219.1
Project("{9A19103F-16F7-4668-BE54-9A1E7A4F7556}") = "MaitlandsInterfaceFramework", "MaitlandsInterfaceFramework\MaitlandsInterfaceFramework.csproj", "{2762EBB0-6CAE-48F3-9FB6-7288CD8D3153}"
EndProject
Project("{2150E333-8FDC-42A3-9474-1A3956D46DE8}") = "Tests", "Tests", "{A00A5C87-EB84-4C67-9C88-C9766266889D}"
EndProject
Project("{9A19103F-16F7-4668-BE54-9A1E7A4F7556}") = "MaitlandsInterfaceFramework.Tests", "MaitlandsInterfaceFramework.Tests\MaitlandsInterfaceFramework.Tests.csproj", "{1D9126F3-174C-4EA5-A19B-EE672CDAC67E}"
EndProject
Project("{9A19103F-16F7-4668-BE54-9A1E7A4F7556}") = "MaitlandsInterfaceFramework.LinkedIn", "MaitlandsInterfaceFramework.LinkedIn\MaitlandsInterfaceFramework.LinkedIn.csproj", "{4B68694C-C25F-40A2-9C94-3CAF97EA7A79}"
EndProject
Project("{9A19103F-16F7-4668-BE54-9A1E7A4F7556}") = "MaitlandsInterfaceFramework.Core", "MaitlandsInterfaceFramework.Core\MaitlandsInterfaceFramework.Core.csproj", "{42C0C688-DB2E-4E21-B8C4-5E33BFE69E0C}"
EndProject
Project("{2150E333-8FDC-42A3-9474-1A3956D46DE8}") = "APIs", "APIs", "{7DB5F620-7A1F-4D93-A756-F2A16604C02B}"
EndProject
Project("{9A19103F-16F7-4668-BE54-9A1E7A4F7556}") = "MaitlandsInterfaceFramework.Pardot", "MaitlandsInterfaceFramework.Pardot\MaitlandsInterfaceFramework.Pardot.csproj", "{7F789E4A-A540-4F87-A1C1-6D6F926D6B6F}"
EndProject
Project("{2150E333-8FDC-42A3-9474-1A3956D46DE8}") = "Pardot", "Pardot", "{6A43E9D1-F2BD-4B10-904C-65C914B2D7D5}"
EndProject
Project("{2150E333-8FDC-42A3-9474-1A3956D46DE8}") = "LinkedIn", "LinkedIn", "{58B87C7F-5039-41DE-8D76-0A450771882C}"
EndProject
Project("{9A19103F-16F7-4668-BE54-9A1E7A4F7556}") = "MaitlandsInterfaceFramework.Pardot.Tests", "MaitlandsInterfaceFramework.Pardot.Tests\MaitlandsInterfaceFramework.Pardot.Tests.csproj", "{B56E07B3-545B-49A0-BC79-87D7487251BE}"
EndProject
Project("{2150E333-8FDC-42A3-9474-1A3956D46DE8}") = "Namely", "Namely", "{FF910BAF-85BF-4A56-903D-285F963C3B6B}"
EndProject
Project("{9A19103F-16F7-4668-BE54-9A1E7A4F7556}") = "MaitlandsInterfaceFramework.Namely", "MaitlandsInterfaceFramework.Namely\MaitlandsInterfaceFramework.Namely.csproj", "{21C85A5F-7254-4284-8914-D104E393A3C8}"
EndProject
Project("{9A19103F-16F7-4668-BE54-9A1E7A4F7556}") = "MaitlandsInterfaceFramework.Namely.Tests", "MaitlandsInterfaceFramework.Namely.Tests\MaitlandsInterfaceFramework.Namely.Tests.csproj", "{C62477A8-B7CD-432A-9F7E-0A34BCEA5557}"
EndProject
Project("{2150E333-8FDC-42A3-9474-1A3956D46DE8}") = "Lever", "Lever", "{DA1D26CA-F01E-454B-96F6-9705D2ED7803}"
EndProject
Project("{9A19103F-16F7-4668-BE54-9A1E7A4F7556}") = "MaitlandsInterfaceFramework.Lever", "MaitlandsInterfaceFramework.Lever\MaitlandsInterfaceFramework.Lever.csproj", "{BDE7F1B9-4848-4A6B-AE92-051DB9244A04}"
EndProject
Project("{9A19103F-16F7-4668-BE54-9A1E7A4F7556}") = "MaitlandsInterfaceFramework.Lever.Tests", "MaitlandsInterfaceFramework.Lever.Tests\MaitlandsInterfaceFramework.Lever.Tests.csproj", "{B1118C56-62B5-4C88-9E38-C3AD33623496}"
EndProject
Project("{2150E333-8FDC-42A3-9474-1A3956D46DE8}") = "Salesforce", "Salesforce", "{159D18C8-876E-4884-A01C-7DEBB710D72D}"
EndProject
Project("{FAE04EC0-301F-11D3-BF4B-00C04F79EFBC}") = "MaitlandsInterfaceFramework.Salesforce", "MaitlandsInterfaceFramework.Salesforce\MaitlandsInterfaceFramework.Salesforce.csproj", "{4F8D4C9D-3B91-4A72-94A5-F7046ADCD4F9}"
EndProject
Project("{FAE04EC0-301F-11D3-BF4B-00C04F79EFBC}") = "MaitlandsInterfaceFramework.Salesforce.Tests", "MaitlandsInterfaceFramework.Salesforce.Tests\MaitlandsInterfaceFramework.Salesforce.Tests.csproj", "{7B8D964F-B893-4661-8B38-727AE60B1C66}"
EndProject
Global
	GlobalSection(SolutionConfigurationPlatforms) = preSolution
		Debug|Any CPU = Debug|Any CPU
		Release|Any CPU = Release|Any CPU
	EndGlobalSection
	GlobalSection(ProjectConfigurationPlatforms) = postSolution
		{2762EBB0-6CAE-48F3-9FB6-7288CD8D3153}.Debug|Any CPU.ActiveCfg = Debug|Any CPU
		{2762EBB0-6CAE-48F3-9FB6-7288CD8D3153}.Debug|Any CPU.Build.0 = Debug|Any CPU
		{2762EBB0-6CAE-48F3-9FB6-7288CD8D3153}.Release|Any CPU.ActiveCfg = Release|Any CPU
		{2762EBB0-6CAE-48F3-9FB6-7288CD8D3153}.Release|Any CPU.Build.0 = Release|Any CPU
		{1D9126F3-174C-4EA5-A19B-EE672CDAC67E}.Debug|Any CPU.ActiveCfg = Debug|Any CPU
		{1D9126F3-174C-4EA5-A19B-EE672CDAC67E}.Debug|Any CPU.Build.0 = Debug|Any CPU
		{1D9126F3-174C-4EA5-A19B-EE672CDAC67E}.Release|Any CPU.ActiveCfg = Release|Any CPU
		{1D9126F3-174C-4EA5-A19B-EE672CDAC67E}.Release|Any CPU.Build.0 = Release|Any CPU
		{4B68694C-C25F-40A2-9C94-3CAF97EA7A79}.Debug|Any CPU.ActiveCfg = Debug|Any CPU
		{4B68694C-C25F-40A2-9C94-3CAF97EA7A79}.Debug|Any CPU.Build.0 = Debug|Any CPU
		{4B68694C-C25F-40A2-9C94-3CAF97EA7A79}.Release|Any CPU.ActiveCfg = Release|Any CPU
		{4B68694C-C25F-40A2-9C94-3CAF97EA7A79}.Release|Any CPU.Build.0 = Release|Any CPU
		{42C0C688-DB2E-4E21-B8C4-5E33BFE69E0C}.Debug|Any CPU.ActiveCfg = Debug|Any CPU
		{42C0C688-DB2E-4E21-B8C4-5E33BFE69E0C}.Debug|Any CPU.Build.0 = Debug|Any CPU
		{42C0C688-DB2E-4E21-B8C4-5E33BFE69E0C}.Release|Any CPU.ActiveCfg = Release|Any CPU
		{42C0C688-DB2E-4E21-B8C4-5E33BFE69E0C}.Release|Any CPU.Build.0 = Release|Any CPU
		{7F789E4A-A540-4F87-A1C1-6D6F926D6B6F}.Debug|Any CPU.ActiveCfg = Debug|Any CPU
		{7F789E4A-A540-4F87-A1C1-6D6F926D6B6F}.Debug|Any CPU.Build.0 = Debug|Any CPU
		{7F789E4A-A540-4F87-A1C1-6D6F926D6B6F}.Release|Any CPU.ActiveCfg = Release|Any CPU
		{7F789E4A-A540-4F87-A1C1-6D6F926D6B6F}.Release|Any CPU.Build.0 = Release|Any CPU
		{B56E07B3-545B-49A0-BC79-87D7487251BE}.Debug|Any CPU.ActiveCfg = Debug|Any CPU
		{B56E07B3-545B-49A0-BC79-87D7487251BE}.Debug|Any CPU.Build.0 = Debug|Any CPU
		{B56E07B3-545B-49A0-BC79-87D7487251BE}.Release|Any CPU.ActiveCfg = Release|Any CPU
		{B56E07B3-545B-49A0-BC79-87D7487251BE}.Release|Any CPU.Build.0 = Release|Any CPU
		{21C85A5F-7254-4284-8914-D104E393A3C8}.Debug|Any CPU.ActiveCfg = Debug|Any CPU
		{21C85A5F-7254-4284-8914-D104E393A3C8}.Debug|Any CPU.Build.0 = Debug|Any CPU
		{21C85A5F-7254-4284-8914-D104E393A3C8}.Release|Any CPU.ActiveCfg = Release|Any CPU
		{21C85A5F-7254-4284-8914-D104E393A3C8}.Release|Any CPU.Build.0 = Release|Any CPU
		{C62477A8-B7CD-432A-9F7E-0A34BCEA5557}.Debug|Any CPU.ActiveCfg = Debug|Any CPU
		{C62477A8-B7CD-432A-9F7E-0A34BCEA5557}.Debug|Any CPU.Build.0 = Debug|Any CPU
		{C62477A8-B7CD-432A-9F7E-0A34BCEA5557}.Release|Any CPU.ActiveCfg = Release|Any CPU
		{C62477A8-B7CD-432A-9F7E-0A34BCEA5557}.Release|Any CPU.Build.0 = Release|Any CPU
		{BDE7F1B9-4848-4A6B-AE92-051DB9244A04}.Debug|Any CPU.ActiveCfg = Debug|Any CPU
		{BDE7F1B9-4848-4A6B-AE92-051DB9244A04}.Debug|Any CPU.Build.0 = Debug|Any CPU
		{BDE7F1B9-4848-4A6B-AE92-051DB9244A04}.Release|Any CPU.ActiveCfg = Release|Any CPU
		{BDE7F1B9-4848-4A6B-AE92-051DB9244A04}.Release|Any CPU.Build.0 = Release|Any CPU
		{B1118C56-62B5-4C88-9E38-C3AD33623496}.Debug|Any CPU.ActiveCfg = Debug|Any CPU
		{B1118C56-62B5-4C88-9E38-C3AD33623496}.Debug|Any CPU.Build.0 = Debug|Any CPU
		{B1118C56-62B5-4C88-9E38-C3AD33623496}.Release|Any CPU.ActiveCfg = Release|Any CPU
		{B1118C56-62B5-4C88-9E38-C3AD33623496}.Release|Any CPU.Build.0 = Release|Any CPU
		{4F8D4C9D-3B91-4A72-94A5-F7046ADCD4F9}.Debug|Any CPU.ActiveCfg = Debug|Any CPU
		{4F8D4C9D-3B91-4A72-94A5-F7046ADCD4F9}.Debug|Any CPU.Build.0 = Debug|Any CPU
		{4F8D4C9D-3B91-4A72-94A5-F7046ADCD4F9}.Release|Any CPU.ActiveCfg = Release|Any CPU
		{4F8D4C9D-3B91-4A72-94A5-F7046ADCD4F9}.Release|Any CPU.Build.0 = Release|Any CPU
		{7B8D964F-B893-4661-8B38-727AE60B1C66}.Debug|Any CPU.ActiveCfg = Debug|Any CPU
		{7B8D964F-B893-4661-8B38-727AE60B1C66}.Debug|Any CPU.Build.0 = Debug|Any CPU
		{7B8D964F-B893-4661-8B38-727AE60B1C66}.Release|Any CPU.ActiveCfg = Release|Any CPU
		{7B8D964F-B893-4661-8B38-727AE60B1C66}.Release|Any CPU.Build.0 = Release|Any CPU
	EndGlobalSection
	GlobalSection(SolutionProperties) = preSolution
		HideSolutionNode = FALSE
	EndGlobalSection
	GlobalSection(NestedProjects) = preSolution
		{1D9126F3-174C-4EA5-A19B-EE672CDAC67E} = {A00A5C87-EB84-4C67-9C88-C9766266889D}
		{4B68694C-C25F-40A2-9C94-3CAF97EA7A79} = {58B87C7F-5039-41DE-8D76-0A450771882C}
		{7F789E4A-A540-4F87-A1C1-6D6F926D6B6F} = {6A43E9D1-F2BD-4B10-904C-65C914B2D7D5}
		{6A43E9D1-F2BD-4B10-904C-65C914B2D7D5} = {7DB5F620-7A1F-4D93-A756-F2A16604C02B}
		{58B87C7F-5039-41DE-8D76-0A450771882C} = {7DB5F620-7A1F-4D93-A756-F2A16604C02B}
		{B56E07B3-545B-49A0-BC79-87D7487251BE} = {6A43E9D1-F2BD-4B10-904C-65C914B2D7D5}
		{FF910BAF-85BF-4A56-903D-285F963C3B6B} = {7DB5F620-7A1F-4D93-A756-F2A16604C02B}
		{21C85A5F-7254-4284-8914-D104E393A3C8} = {FF910BAF-85BF-4A56-903D-285F963C3B6B}
		{C62477A8-B7CD-432A-9F7E-0A34BCEA5557} = {FF910BAF-85BF-4A56-903D-285F963C3B6B}
		{DA1D26CA-F01E-454B-96F6-9705D2ED7803} = {7DB5F620-7A1F-4D93-A756-F2A16604C02B}
		{BDE7F1B9-4848-4A6B-AE92-051DB9244A04} = {DA1D26CA-F01E-454B-96F6-9705D2ED7803}
		{B1118C56-62B5-4C88-9E38-C3AD33623496} = {DA1D26CA-F01E-454B-96F6-9705D2ED7803}
		{159D18C8-876E-4884-A01C-7DEBB710D72D} = {7DB5F620-7A1F-4D93-A756-F2A16604C02B}
		{4F8D4C9D-3B91-4A72-94A5-F7046ADCD4F9} = {159D18C8-876E-4884-A01C-7DEBB710D72D}
		{7B8D964F-B893-4661-8B38-727AE60B1C66} = {159D18C8-876E-4884-A01C-7DEBB710D72D}
	EndGlobalSection
	GlobalSection(ExtensibilityGlobals) = postSolution
		SolutionGuid = {A3104704-16DA-4E62-8A60-10EBEE01BDEC}
	EndGlobalSection
EndGlobal
